dependencies:
- name: kube-state-metrics
  repository: https://kubernetes.github.io/kube-state-metrics
  version: 2.9.8
- name: prometheus-node-exporter
  repository: https://prometheus-community.github.io/helm-charts
  version: 1.12.0
- name: grafana
  repository: https://grafana.github.io/helm-charts
  version: 6.1.17
digest: sha256:9f9a6e1a4457932d06d77f65d6550eef4f96132a1daf58a9a8dfba843a5e0211
generated: "2021-02-07T23:38:56.442292Z"
